PODS:
  - CollectionPickerView (0.1.1)
  - Nimble (7.3.1)
  - Quick (1.3.2)

DEPENDENCIES:
  - CollectionPickerView (from `../`)
  - Nimble (~> 7.3.1)
  - Quick (~> 1.3.2)

SPEC REPOS:
  https://github.com/cocoapods/specs.git:
    - Nimble
    - Quick

EXTERNAL SOURCES:
  CollectionPickerView:
    :path: "../"

SPEC CHECKSUMS:
  CollectionPickerView: 6de4920404f1ee21be4036dd206140247096dcd7
  Nimble: 04f732da099ea4d153122aec8c2a88fd0c7219ae
  Quick: 2623cb30d7a7f41ca62f684f679586558f483d46

PODFILE CHECKSUM: f8efcfed0441f5c19d69eb0a76907a34b7c5e037

COCOAPODS: 1.5.3
