PODS:
  - CollectionPickerView (0.1.1)
  - Nimble (7.0.3)
  - Quick (1.2.0)

DEPENDENCIES:
  - CollectionPickerView (from `../`)
  - Nimble (~> 7.0.2)
  - Quick (~> 1.2.0)

EXTERNAL SOURCES:
  CollectionPickerView:
    :path: ../

SPEC CHECKSUMS:
  CollectionPickerView: c4de5bd7d34b8dc76cb79a2075a81142ab2835b7
  Nimble: 7f5a9c447a33002645a071bddafbfb24ea70e0ac
  Quick: 58d203b1c5e27fff7229c4c1ae445ad7069a7a08

PODFILE CHECKSUM: 4fa0d8f0d982f4b04b40923b21afa088acc92b3e

COCOAPODS: 1.4.0.beta.2
