PODS:
  - CollectionPickerView (0.1.2)
  - Nimble (8.0.1)
  - Quick (2.1.0)

DEPENDENCIES:
  - CollectionPickerView (from `../`)
  - Nimble (~> 8.0.1)
  - Quick (~> 2.1.0)

SPEC REPOS:
  https://github.com/cocoapods/specs.git:
    - Nimble
    - Quick

EXTERNAL SOURCES:
  CollectionPickerView:
    :path: "../"

SPEC CHECKSUMS:
  CollectionPickerView: fd5c85a5e542c9d55ef9f849b34cb9f68a36e611
  Nimble: 45f786ae66faa9a709624227fae502db55a8bdd0
  Quick: 4be43f6634acfa727dd106bdf3929ce125ffa79d

PODFILE CHECKSUM: 2e3253d6f4953f2045cde284a9479ab7ae08415e

COCOAPODS: 1.6.1
